Microsoft Visual Studio Solution File, Format Version 12.00
# Visual Studio Version 17
VisualStudioVersion = 17.5.2.0
MinimumVisualStudioVersion = 10.0.40219.1
Project("{FAE04EC0-301F-11D3-BF4B-00C04F79EFBC}") = "RCE_Auth", "RCE_Auth.csproj", "{B37991F2-927F-B0B8-8149-6260BDFF83C9}"
EndProject
Global
	GlobalSection(SolutionConfigurationPlatforms) = preSolution
		Debug|Any CPU = Debug|Any CPU
		Release|Any CPU = Release|Any CPU
	EndGlobalSection
	GlobalSection(ProjectConfigurationPlatforms) = postSolution
		{B37991F2-927F-B0B8-8149-6260BDFF83C9}.Debug|Any CPU.ActiveCfg = Debug|Any CPU
		{B37991F2-927F-B0B8-8149-6260BDFF83C9}.Debug|Any CPU.Build.0 = Debug|Any CPU
		{B37991F2-927F-B0B8-8149-6260BDFF83C9}.Release|Any CPU.ActiveCfg = Release|Any CPU
		{B37991F2-927F-B0B8-8149-6260BDFF83C9}.Release|Any CPU.Build.0 = Release|Any CPU
	EndGlobalSection
	GlobalSection(SolutionProperties) = preSolution
		HideSolutionNode = FALSE
	EndGlobalSection
	GlobalSection(ExtensibilityGlobals) = postSolution
		SolutionGuid = {505E5025-3026-42F7-97C3-D8AC6126CD6C}
	EndGlobalSection
EndGlobal
