Microsoft Visual Studio Solution File, Format Version 12.00
# Visual Studio Version 17
VisualStudioVersion = 17.5.2.0
MinimumVisualStudioVersion = 10.0.40219.1
Project("{FAE04EC0-301F-11D3-BF4B-00C04F79EFBC}") = "ReservaConEnanos.Reservations", "ReservaConEnanos.Reservations.csproj", "{A5296E8F-0DA1-BF68-00CA-84B3D24745EB}"
EndProject
Global
	GlobalSection(SolutionConfigurationPlatforms) = preSolution
		Debug|Any CPU = Debug|Any CPU
		Release|Any CPU = Release|Any CPU
	EndGlobalSection
	GlobalSection(ProjectConfigurationPlatforms) = postSolution
		{A5296E8F-0DA1-BF68-00CA-84B3D24745EB}.Debug|Any CPU.ActiveCfg = Debug|Any CPU
		{A5296E8F-0DA1-BF68-00CA-84B3D24745EB}.Debug|Any CPU.Build.0 = Debug|Any CPU
		{A5296E8F-0DA1-BF68-00CA-84B3D24745EB}.Release|Any CPU.ActiveCfg = Release|Any CPU
		{A5296E8F-0DA1-BF68-00CA-84B3D24745EB}.Release|Any CPU.Build.0 = Release|Any CPU
	EndGlobalSection
	GlobalSection(SolutionProperties) = preSolution
		HideSolutionNode = FALSE
	EndGlobalSection
	GlobalSection(ExtensibilityGlobals) = postSolution
		SolutionGuid = {34239DFE-3344-48D7-866C-74B85C0B05A9}
	EndGlobalSection
EndGlobal
