Microsoft Visual Studio Solution File, Format Version 12.00
# Visual Studio Version 17
VisualStudioVersion = 17.5.2.0
MinimumVisualStudioVersion = 10.0.40219.1
Project("{FAE04EC0-301F-11D3-BF4B-00C04F79EFBC}") = "RCE_Gateway", "RCE_Gateway.csproj", "{ABA8638C-9B83-6348-0D96-CD85B5FF1883}"
EndProject
Global
	GlobalSection(SolutionConfigurationPlatforms) = preSolution
		Debug|Any CPU = Debug|Any CPU
		Release|Any CPU = Release|Any CPU
	EndGlobalSection
	GlobalSection(ProjectConfigurationPlatforms) = postSolution
		{ABA8638C-9B83-6348-0D96-CD85B5FF1883}.Debug|Any CPU.ActiveCfg = Debug|Any CPU
		{ABA8638C-9B83-6348-0D96-CD85B5FF1883}.Debug|Any CPU.Build.0 = Debug|Any CPU
		{ABA8638C-9B83-6348-0D96-CD85B5FF1883}.Release|Any CPU.ActiveCfg = Release|Any CPU
		{ABA8638C-9B83-6348-0D96-CD85B5FF1883}.Release|Any CPU.Build.0 = Release|Any CPU
	EndGlobalSection
	GlobalSection(SolutionProperties) = preSolution
		HideSolutionNode = FALSE
	EndGlobalSection
	GlobalSection(ExtensibilityGlobals) = postSolution
		SolutionGuid = {CE1868F4-FAFA-46D7-A225-A5F7B0A36173}
	EndGlobalSection
EndGlobal
